// !$*UTF8*$!
{
	archiveVersion = 1;
	classes = {
	};
	objectVersion = 46;
	objects = {

/* Begin PBXBuildFile section */
		2507939E1EC50CA200E2DFAA /* Request.swift in Sources */ = {isa = PBXBuildFile; fileRef = 2507939D1EC50CA200E2DFAA /* Request.swift */; };
		250793A61EC5280600E2DFAA /* FlightCell.swift in Sources */ = {isa = PBXBuildFile; fileRef = 250793A51EC5280600E2DFAA /* FlightCell.swift */; };
		250793A81EC64D8A00E2DFAA /* FlightTableView.swift in Sources */ = {isa = PBXBuildFile; fileRef = 250793A71EC64D8A00E2DFAA /* FlightTableView.swift */; };
		250793AA1EC6507400E2DFAA /* FlightViewController.swift in Sources */ = {isa = PBXBuildFile; fileRef = 250793A91EC6507400E2DFAA /* FlightViewController.swift */; };
		25087EA61EE355B70036F6DD /* HomeView.swift in Sources */ = {isa = PBXBuildFile; fileRef = 25087EA51EE355B70036F6DD /* HomeView.swift */; };
		25087EA81EE358380036F6DD /* HomeViewController.swift in Sources */ = {isa = PBXBuildFile; fileRef = 25087EA71EE358380036F6DD /* HomeViewController.swift */; };
		250BDB2B1ECFB76E005166DB /* FlightCellViewModel.swift in Sources */ = {isa = PBXBuildFile; fileRef = 250BDB2A1ECFB76E005166DB /* FlightCellViewModel.swift */; };
		25132C8F1E8EFBE600392D52 /* SkyScannerDataStore.swift in Sources */ = {isa = PBXBuildFile; fileRef = 25132C8E1E8EFBE600392D52 /* SkyScannerDataStore.swift */; };
		252686D01EA3C18800A8FDF3 /* Place.swift in Sources */ = {isa = PBXBuildFile; fileRef = 252686CF1EA3C18800A8FDF3 /* Place.swift */; };
		254625881EA8FFB600DA7811 /* Carrier.swift in Sources */ = {isa = PBXBuildFile; fileRef = 254625871EA8FFB600DA7811 /* Carrier.swift */; };
		2546258C1EAE85AF00DA7811 /* Quote.swift in Sources */ = {isa = PBXBuildFile; fileRef = 2546258B1EAE85AE00DA7811 /* Quote.swift */; };
		2546258E1EAE8A0A00DA7811 /* Constants.swift in Sources */ = {isa = PBXBuildFile; fileRef = 2546258D1EAE8A0A00DA7811 /* Constants.swift */; };
		25580BD01EB81E8D002F75A9 /* Flight.swift in Sources */ = {isa = PBXBuildFile; fileRef = 25580BCF1EB81E8D002F75A9 /* Flight.swift */; };
		2567678E1E8B00E800AD8F21 /* AppDelegate.swift in Sources */ = {isa = PBXBuildFile; fileRef = 2567678D1E8B00E800AD8F21 /* AppDelegate.swift */; };
		256767931E8B00E800AD8F21 /* Main.storyboard in Resources */ = {isa = PBXBuildFile; fileRef = 256767911E8B00E800AD8F21 /* Main.storyboard */; };
		256767951E8B00E800AD8F21 /* Assets.xcassets in Resources */ = {isa = PBXBuildFile; fileRef = 256767941E8B00E800AD8F21 /* Assets.xcassets */; };
		256767981E8B00E800AD8F21 /* LaunchScreen.storyboard in Resources */ = {isa = PBXBuildFile; fileRef = 256767961E8B00E800AD8F21 /* LaunchScreen.storyboard */; };
		256767A01E8B00F900AD8F21 /* SkyScannerAPIClient.swift in Sources */ = {isa = PBXBuildFile; fileRef = 2567679F1E8B00F900AD8F21 /* SkyScannerAPIClient.swift */; };
		256767A21E8B041300AD8F21 /* Secrets.swift in Sources */ = {isa = PBXBuildFile; fileRef = 256767A11E8B041300AD8F21 /* Secrets.swift */; };
		CB89F7BBBF4D8C57DF1E93C8 /* Pods_Travel.framework in Frameworks */ = {isa = PBXBuildFile; fileRef = 8697592DB50018E33A2425A0 /* Pods_Travel.framework */; };
/* End PBXBuildFile section */

/* Begin PBXFileReference section */
		0A4B61AE874686364092CEDF /* Pods-Travel.release.xcconfig */ = {isa = PBXFileReference; includeInIndex = 1; lastKnownFileType = text.xcconfig; name = "Pods-Travel.release.xcconfig"; path = "Pods/Target Support Files/Pods-Travel/Pods-Travel.release.xcconfig"; sourceTree = "<group>"; };
		2507939D1EC50CA200E2DFAA /* Request.swift */ = {isa = PBXFileReference; fileEncoding = 4; lastKnownFileType = sourcecode.swift; path = Request.swift; sourceTree = "<group>"; };
		250793A51EC5280600E2DFAA /* FlightCell.swift */ = {isa = PBXFileReference; fileEncoding = 4; lastKnownFileType = sourcecode.swift; path = FlightCell.swift; sourceTree = "<group>"; };
		250793A71EC64D8A00E2DFAA /* FlightTableView.swift */ = {isa = PBXFileReference; fileEncoding = 4; lastKnownFileType = sourcecode.swift; path = FlightTableView.swift; sourceTree = "<group>"; };
		250793A91EC6507400E2DFAA /* FlightViewController.swift */ = {isa = PBXFileReference; fileEncoding = 4; lastKnownFileType = sourcecode.swift; path = FlightViewController.swift; sourceTree = "<group>"; };
		25087EA51EE355B70036F6DD /* HomeView.swift */ = {isa = PBXFileReference; fileEncoding = 4; lastKnownFileType = sourcecode.swift; path = HomeView.swift; sourceTree = "<group>"; };
		25087EA71EE358380036F6DD /* HomeViewController.swift */ = {isa = PBXFileReference; fileEncoding = 4; lastKnownFileType = sourcecode.swift; path = HomeViewController.swift; sourceTree = "<group>"; };
		250BDB2A1ECFB76E005166DB /* FlightCellViewModel.swift */ = {isa = PBXFileReference; fileEncoding = 4; lastKnownFileType = sourcecode.swift; path = FlightCellViewModel.swift; sourceTree = "<group>"; };
		25132C8E1E8EFBE600392D52 /* SkyScannerDataStore.swift */ = {isa = PBXFileReference; fileEncoding = 4; lastKnownFileType = sourcecode.swift; path = SkyScannerDataStore.swift; sourceTree = "<group>"; };
		252686CF1EA3C18800A8FDF3 /* Place.swift */ = {isa = PBXFileReference; fileEncoding = 4; lastKnownFileType = sourcecode.swift; path = Place.swift; sourceTree = "<group>"; };
		254625871EA8FFB600DA7811 /* Carrier.swift */ = {isa = PBXFileReference; fileEncoding = 4; lastKnownFileType = sourcecode.swift; path = Carrier.swift; sourceTree = "<group>"; };
		2546258B1EAE85AE00DA7811 /* Quote.swift */ = {isa = PBXFileReference; fileEncoding = 4; lastKnownFileType = sourcecode.swift; path = Quote.swift; sourceTree = "<group>"; };
		2546258D1EAE8A0A00DA7811 /* Constants.swift */ = {isa = PBXFileReference; fileEncoding = 4; lastKnownFileType = sourcecode.swift; path = Constants.swift; sourceTree = "<group>"; };
		25580BCF1EB81E8D002F75A9 /* Flight.swift */ = {isa = PBXFileReference; fileEncoding = 4; lastKnownFileType = sourcecode.swift; path = Flight.swift; sourceTree = "<group>"; };
		2567678A1E8B00E800AD8F21 /* Travel.app */ = {isa = PBXFileReference; explicitFileType = wrapper.application; includeInIndex = 0; path = Travel.app; sourceTree = BUILT_PRODUCTS_DIR; };
		2567678D1E8B00E800AD8F21 /* AppDelegate.swift */ = {isa = PBXFileReference; lastKnownFileType = sourcecode.swift; path = AppDelegate.swift; sourceTree = "<group>"; };
		256767921E8B00E800AD8F21 /* Base */ = {isa = PBXFileReference; lastKnownFileType = file.storyboard; name = Base; path = Base.lproj/Main.storyboard; sourceTree = "<group>"; };
		256767941E8B00E800AD8F21 /* Assets.xcassets */ = {isa = PBXFileReference; lastKnownFileType = folder.assetcatalog; path = Assets.xcassets; sourceTree = "<group>"; };
		256767971E8B00E800AD8F21 /* Base */ = {isa = PBXFileReference; lastKnownFileType = file.storyboard; name = Base; path = Base.lproj/LaunchScreen.storyboard; sourceTree = "<group>"; };
		256767991E8B00E800AD8F21 /* Info.plist */ = {isa = PBXFileReference; lastKnownFileType = text.plist.xml; path = Info.plist; sourceTree = "<group>"; };
		2567679F1E8B00F900AD8F21 /* SkyScannerAPIClient.swift */ = {isa = PBXFileReference; fileEncoding = 4; lastKnownFileType = sourcecode.swift; path = SkyScannerAPIClient.swift; sourceTree = "<group>"; };
		256767A11E8B041300AD8F21 /* Secrets.swift */ = {isa = PBXFileReference; fileEncoding = 4; lastKnownFileType = sourcecode.swift; path = Secrets.swift; sourceTree = "<group>"; };
		8697592DB50018E33A2425A0 /* Pods_Travel.framework */ = {isa = PBXFileReference; explicitFileType = wrapper.framework; includeInIndex = 0; path = Pods_Travel.framework; sourceTree = BUILT_PRODUCTS_DIR; };
		86D74D0F7433D81B0DB5BB4B /* Pods-Travel.debug.xcconfig */ = {isa = PBXFileReference; includeInIndex = 1; lastKnownFileType = text.xcconfig; name = "Pods-Travel.debug.xcconfig"; path = "Pods/Target Support Files/Pods-Travel/Pods-Travel.debug.xcconfig"; sourceTree = "<group>"; };
/* End PBXFileReference section */

/* Begin PBXFrameworksBuildPhase section */
		256767871E8B00E800AD8F21 /* Frameworks */ = {
			isa = PBXFrameworksBuildPhase;
			buildActionMask = 2147483647;
			files = (
				CB89F7BBBF4D8C57DF1E93C8 /* Pods_Travel.framework in Frameworks */,
			);
			runOnlyForDeploymentPostprocessing = 0;
		};
/* End PBXFrameworksBuildPhase section */

/* Begin PBXGroup section */
		250BDB2C1ECFB7D6005166DB /* Controller */ = {
			isa = PBXGroup;
			children = (
				25087EA71EE358380036F6DD /* HomeViewController.swift */,
				250793A91EC6507400E2DFAA /* FlightViewController.swift */,
			);
			name = Controller;
			sourceTree = "<group>";
		};
		250BDB2D1ECFB7F2005166DB /* Helpers */ = {
			isa = PBXGroup;
			children = (
				2546258D1EAE8A0A00DA7811 /* Constants.swift */,
			);
			name = Helpers;
			sourceTree = "<group>";
		};
		250BDB2E1ECFB807005166DB /* API */ = {
			isa = PBXGroup;
			children = (
				2567679F1E8B00F900AD8F21 /* SkyScannerAPIClient.swift */,
				25132C8E1E8EFBE600392D52 /* SkyScannerDataStore.swift */,
			);
			name = API;
			sourceTree = "<group>";
		};
		250BDB2F1ECFB83A005166DB /* Supporting Files */ = {
			isa = PBXGroup;
			children = (
				2567678D1E8B00E800AD8F21 /* AppDelegate.swift */,
				256767961E8B00E800AD8F21 /* LaunchScreen.storyboard */,
				256767941E8B00E800AD8F21 /* Assets.xcassets */,
				256767991E8B00E800AD8F21 /* Info.plist */,
			);
			name = "Supporting Files";
			sourceTree = "<group>";
		};
		256767811E8B00E800AD8F21 = {
			isa = PBXGroup;
			children = (
				2567678C1E8B00E800AD8F21 /* Travel */,
				2567678B1E8B00E800AD8F21 /* Products */,
				2A121EA9385C5D98353DE234 /* Pods */,
				D775A707A3466A6CDC4860C1 /* Frameworks */,
			);
			sourceTree = "<group>";
		};
		2567678B1E8B00E800AD8F21 /* Products */ = {
			isa = PBXGroup;
			children = (
				2567678A1E8B00E800AD8F21 /* Travel.app */,
			);
			name = Products;
			sourceTree = "<group>";
		};
		2567678C1E8B00E800AD8F21 /* Travel */ = {
			isa = PBXGroup;
			children = (
				256767A11E8B041300AD8F21 /* Secrets.swift */,
				250BDB2D1ECFB7F2005166DB /* Helpers */,
				250BDB2E1ECFB807005166DB /* API */,
				256767A31E8B049E00AD8F21 /* Model */,
				256767A41E8B04A400AD8F21 /* View */,
				256767A51E8B056500AD8F21 /* View Model */,
				250BDB2C1ECFB7D6005166DB /* Controller */,
				250BDB2F1ECFB83A005166DB /* Supporting Files */,
			);
			path = Travel;
			sourceTree = "<group>";
		};
		256767A31E8B049E00AD8F21 /* Model */ = {
			isa = PBXGroup;
			children = (
				252686CF1EA3C18800A8FDF3 /* Place.swift */,
				2546258B1EAE85AE00DA7811 /* Quote.swift */,
				254625871EA8FFB600DA7811 /* Carrier.swift */,
				25580BCF1EB81E8D002F75A9 /* Flight.swift */,
				2507939D1EC50CA200E2DFAA /* Request.swift */,
			);
			name = Model;
			sourceTree = "<group>";
		};
		256767A41E8B04A400AD8F21 /* View */ = {
			isa = PBXGroup;
			children = (
				256767911E8B00E800AD8F21 /* Main.storyboard */,
				25087EA51EE355B70036F6DD /* HomeView.swift */,
				250793A51EC5280600E2DFAA /* FlightCell.swift */,
				250793A71EC64D8A00E2DFAA /* FlightTableView.swift */,
			);
			name = View;
			sourceTree = "<group>";
		};
		256767A51E8B056500AD8F21 /* View Model */ = {
			isa = PBXGroup;
			children = (
				250BDB2A1ECFB76E005166DB /* FlightCellViewModel.swift */,
			);
			name = "View Model";
			sourceTree = "<group>";
		};
		2A121EA9385C5D98353DE234 /* Pods */ = {
			isa = PBXGroup;
			children = (
				86D74D0F7433D81B0DB5BB4B /* Pods-Travel.debug.xcconfig */,
				0A4B61AE874686364092CEDF /* Pods-Travel.release.xcconfig */,
			);
			name = Pods;
			sourceTree = "<group>";
		};
		D775A707A3466A6CDC4860C1 /* Frameworks */ = {
			isa = PBXGroup;
			children = (
				8697592DB50018E33A2425A0 /* Pods_Travel.framework */,
			);
			name = Frameworks;
			sourceTree = "<group>";
		};
/* End PBXGroup section */

/* Begin PBXNativeTarget section */
		256767891E8B00E800AD8F21 /* Travel */ = {
			isa = PBXNativeTarget;
			buildConfigurationList = 2567679C1E8B00E800AD8F21 /* Build configuration list for PBXNativeTarget "Travel" */;
			buildPhases = (
				1A64D7E46C24A1F1C2085FB3 /* [CP] Check Pods Manifest.lock */,
				256767861E8B00E800AD8F21 /* Sources */,
				256767871E8B00E800AD8F21 /* Frameworks */,
				256767881E8B00E800AD8F21 /* Resources */,
				0343332B9BD56ADDF1E2F5C0 /* [CP] Embed Pods Frameworks */,
				A0203BAB45BB3FAAC3F5DDAB /* [CP] Copy Pods Resources */,
			);
			buildRules = (
			);
			dependencies = (
			);
			name = Travel;
			productName = Travel;
			productReference = 2567678A1E8B00E800AD8F21 /* Travel.app */;
			productType = "com.apple.product-type.application";
		};
/* End PBXNativeTarget section */

/* Begin PBXProject section */
		256767821E8B00E800AD8F21 /* Project object */ = {
			isa = PBXProject;
			attributes = {
				LastSwiftUpdateCheck = 0820;
				LastUpgradeCheck = 0820;
				ORGANIZATIONNAME = "Joyce Matos";
				TargetAttributes = {
					256767891E8B00E800AD8F21 = {
						CreatedOnToolsVersion = 8.2.1;
						ProvisioningStyle = Automatic;
					};
				};
			};
			buildConfigurationList = 256767851E8B00E800AD8F21 /* Build configuration list for PBXProject "Travel" */;
			compatibilityVersion = "Xcode 3.2";
			developmentRegion = English;
			hasScannedForEncodings = 0;
			knownRegions = (
				en,
				Base,
			);
			mainGroup = 256767811E8B00E800AD8F21;
			productRefGroup = 2567678B1E8B00E800AD8F21 /* Products */;
			projectDirPath = "";
			projectRoot = "";
			targets = (
				256767891E8B00E800AD8F21 /* Travel */,
			);
		};
/* End PBXProject section */

/* Begin PBXResourcesBuildPhase section */
		256767881E8B00E800AD8F21 /* Resources */ = {
			isa = PBXResourcesBuildPhase;
			buildActionMask = 2147483647;
			files = (
				256767981E8B00E800AD8F21 /* LaunchScreen.storyboard in Resources */,
				256767951E8B00E800AD8F21 /* Assets.xcassets in Resources */,
				256767931E8B00E800AD8F21 /* Main.storyboard in Resources */,
			);
			runOnlyForDeploymentPostprocessing = 0;
		};
/* End PBXResourcesBuildPhase section */

/* Begin PBXShellScriptBuildPhase section */
		0343332B9BD56ADDF1E2F5C0 /* [CP] Embed Pods Frameworks */ = {
			isa = PBXShellScriptBuildPhase;
			buildActionMask = 2147483647;
			files = (
			);
			inputPaths = (
			);
			name = "[CP] Embed Pods Frameworks";
			outputPaths = (
			);
			runOnlyForDeploymentPostprocessing = 0;
			shellPath = /bin/sh;
			shellScript = "\"${SRCROOT}/Pods/Target Support Files/Pods-Travel/Pods-Travel-frameworks.sh\"\n";
			showEnvVarsInLog = 0;
		};
		1A64D7E46C24A1F1C2085FB3 /* [CP] Check Pods Manifest.lock */ = {
			isa = PBXShellScriptBuildPhase;
			buildActionMask = 2147483647;
			files = (
			);
			inputPaths = (
			);
			name = "[CP] Check Pods Manifest.lock";
			outputPaths = (
			);
			runOnlyForDeploymentPostprocessing = 0;
			shellPath = /bin/sh;
			shellScript = "diff \"${PODS_ROOT}/../Podfile.lock\" \"${PODS_ROOT}/Manifest.lock\" > /dev/null\nif [ $? != 0 ] ; then\n    # print error to STDERR\n    echo \"error: The sandbox is not in sync with the Podfile.lock. Run 'pod install' or update your CocoaPods installation.\" >&2\n    exit 1\nfi\n";
			showEnvVarsInLog = 0;
		};
		A0203BAB45BB3FAAC3F5DDAB /* [CP] Copy Pods Resources */ = {
			isa = PBXShellScriptBuildPhase;
			buildActionMask = 2147483647;
			files = (
			);
			inputPaths = (
			);
			name = "[CP] Copy Pods Resources";
			outputPaths = (
			);
			runOnlyForDeploymentPostprocessing = 0;
			shellPath = /bin/sh;
			shellScript = "\"${SRCROOT}/Pods/Target Support Files/Pods-Travel/Pods-Travel-resources.sh\"\n";
			showEnvVarsInLog = 0;
		};
/* End PBXShellScriptBuildPhase section */

/* Begin PBXSourcesBuildPhase section */
		256767861E8B00E800AD8F21 /* Sources */ = {
			isa = PBXSourcesBuildPhase;
			buildActionMask = 2147483647;
			files = (
				25132C8F1E8EFBE600392D52 /* SkyScannerDataStore.swift in Sources */,
				256767A21E8B041300AD8F21 /* Secrets.swift in Sources */,
				25580BD01EB81E8D002F75A9 /* Flight.swift in Sources */,
				250793A61EC5280600E2DFAA /* FlightCell.swift in Sources */,
				25087EA81EE358380036F6DD /* HomeViewController.swift in Sources */,
				25087EA61EE355B70036F6DD /* HomeView.swift in Sources */,
				2507939E1EC50CA200E2DFAA /* Request.swift in Sources */,
				256767A01E8B00F900AD8F21 /* SkyScannerAPIClient.swift in Sources */,
				2546258C1EAE85AF00DA7811 /* Quote.swift in Sources */,
				250793A81EC64D8A00E2DFAA /* FlightTableView.swift in Sources */,
				2567678E1E8B00E800AD8F21 /* AppDelegate.swift in Sources */,
				252686D01EA3C18800A8FDF3 /* Place.swift in Sources */,
				254625881EA8FFB600DA7811 /* Carrier.swift in Sources */,
				2546258E1EAE8A0A00DA7811 /* Constants.swift in Sources */,
				250BDB2B1ECFB76E005166DB /* FlightCellViewModel.swift in Sources */,
				250793AA1EC6507400E2DFAA /* FlightViewController.swift in Sources */,
			);
			runOnlyForDeploymentPostprocessing = 0;
		};
/* End PBXSourcesBuildPhase section */

/* Begin PBXVariantGroup section */
		256767911E8B00E800AD8F21 /* Main.storyboard */ = {
			isa = PBXVariantGroup;
			children = (
				256767921E8B00E800AD8F21 /* Base */,
			);
			name = Main.storyboard;
			sourceTree = "<group>";
		};
		256767961E8B00E800AD8F21 /* LaunchScreen.storyboard */ = {
			isa = PBXVariantGroup;
			children = (
				256767971E8B00E800AD8F21 /* Base */,
			);
			name = LaunchScreen.storyboard;
			sourceTree = "<group>";
		};
/* End PBXVariantGroup section */

/* Begin XCBuildConfiguration section */
		2567679A1E8B00E800AD8F21 /* Debug */ = {
			isa = XCBuildConfiguration;
			buildSettings = {
				ALWAYS_SEARCH_USER_PATHS = NO;
				CLANG_ANALYZER_NONNULL = YES;
				CLANG_CXX_LANGUAGE_STANDARD = "gnu++0x";
				CLANG_CXX_LIBRARY = "libc++";
				CLANG_ENABLE_MODULES = YES;
				CLANG_ENABLE_OBJC_ARC = YES;
				CLANG_WARN_BOOL_CONVERSION = YES;
				CLANG_WARN_CONSTANT_CONVERSION = YES;
				CLANG_WARN_DIRECT_OBJC_ISA_USAGE = YES_ERROR;
				CLANG_WARN_DOCUMENTATION_COMMENTS = YES;
				CLANG_WARN_EMPTY_BODY = YES;
				CLANG_WARN_ENUM_CONVERSION = YES;
				CLANG_WARN_INFINITE_RECURSION = YES;
				CLANG_WARN_INT_CONVERSION = YES;
				CLANG_WARN_OBJC_ROOT_CLASS = YES_ERROR;
				CLANG_WARN_SUSPICIOUS_MOVE = YES;
				CLANG_WARN_UNREACHABLE_CODE = YES;
				CLANG_WARN__DUPLICATE_METHOD_MATCH = YES;
				"CODE_SIGN_IDENTITY[sdk=iphoneos*]" = "iPhone Developer";
				COPY_PHASE_STRIP = NO;
				DEBUG_INFORMATION_FORMAT = dwarf;
				ENABLE_STRICT_OBJC_MSGSEND = YES;
				ENABLE_TESTABILITY = YES;
				GCC_C_LANGUAGE_STANDARD = gnu99;
				GCC_DYNAMIC_NO_PIC = NO;
				GCC_NO_COMMON_BLOCKS = YES;
				GCC_OPTIMIZATION_LEVEL = 0;
				GCC_PREPROCESSOR_DEFINITIONS = (
					"DEBUG=1",
					"$(inherited)",
				);
				GCC_WARN_64_TO_32_BIT_CONVERSION = YES;
				GCC_WARN_ABOUT_RETURN_TYPE = YES_ERROR;
				GCC_WARN_UNDECLARED_SELECTOR = YES;
				GCC_WARN_UNINITIALIZED_AUTOS = YES_AGGRESSIVE;
				GCC_WARN_UNUSED_FUNCTION = YES;
				GCC_WARN_UNUSED_VARIABLE = YES;
				IPHONEOS_DEPLOYMENT_TARGET = 10.2;
				MTL_ENABLE_DEBUG_INFO = YES;
				ONLY_ACTIVE_ARCH = YES;
				SDKROOT = iphoneos;
				SWIFT_ACTIVE_COMPILATION_CONDITIONS = DEBUG;
				SWIFT_OPTIMIZATION_LEVEL = "-Onone";
			};
			name = Debug;
		};
		2567679B1E8B00E800AD8F21 /* Release */ = {
			isa = XCBuildConfiguration;
			buildSettings = {
				ALWAYS_SEARCH_USER_PATHS = NO;
				CLANG_ANALYZER_NONNULL = YES;
				CLANG_CXX_LANGUAGE_STANDARD = "gnu++0x";
				CLANG_CXX_LIBRARY = "libc++";
				CLANG_ENABLE_MODULES = YES;
				CLANG_ENABLE_OBJC_ARC = YES;
				CLANG_WARN_BOOL_CONVERSION = YES;
				CLANG_WARN_CONSTANT_CONVERSION = YES;
				CLANG_WARN_DIRECT_OBJC_ISA_USAGE = YES_ERROR;
				CLANG_WARN_DOCUMENTATION_COMMENTS = YES;
				CLANG_WARN_EMPTY_BODY = YES;
				CLANG_WARN_ENUM_CONVERSION = YES;
				CLANG_WARN_INFINITE_RECURSION = YES;
				CLANG_WARN_INT_CONVERSION = YES;
				CLANG_WARN_OBJC_ROOT_CLASS = YES_ERROR;
				CLANG_WARN_SUSPICIOUS_MOVE = YES;
				CLANG_WARN_UNREACHABLE_CODE = YES;
				CLANG_WARN__DUPLICATE_METHOD_MATCH = YES;
				"CODE_SIGN_IDENTITY[sdk=iphoneos*]" = "iPhone Developer";
				COPY_PHASE_STRIP = NO;
				DEBUG_INFORMATION_FORMAT = "dwarf-with-dsym";
				ENABLE_NS_ASSERTIONS = NO;
				ENABLE_STRICT_OBJC_MSGSEND = YES;
				GCC_C_LANGUAGE_STANDARD = gnu99;
				GCC_NO_COMMON_BLOCKS = YES;
				GCC_WARN_64_TO_32_BIT_CONVERSION = YES;
				GCC_WARN_ABOUT_RETURN_TYPE = YES_ERROR;
				GCC_WARN_UNDECLARED_SELECTOR = YES;
				GCC_WARN_UNINITIALIZED_AUTOS = YES_AGGRESSIVE;
				GCC_WARN_UNUSED_FUNCTION = YES;
				GCC_WARN_UNUSED_VARIABLE = YES;
				IPHONEOS_DEPLOYMENT_TARGET = 10.2;
				MTL_ENABLE_DEBUG_INFO = NO;
				SDKROOT = iphoneos;
				SWIFT_OPTIMIZATION_LEVEL = "-Owholemodule";
				VALIDATE_PRODUCT = YES;
			};
			name = Release;
		};
		2567679D1E8B00E800AD8F21 /* Debug */ = {
			isa = XCBuildConfiguration;
			baseConfigurationReference = 86D74D0F7433D81B0DB5BB4B /* Pods-Travel.debug.xcconfig */;
			buildSettings = {
				ASSETCATALOG_COMPILER_APPICON_NAME = AppIcon;
				INFOPLIST_FILE = Travel/Info.plist;
				LD_RUNPATH_SEARCH_PATHS = "$(inherited) @executable_path/Frameworks";
				PRODUCT_BUNDLE_IDENTIFIER = "Joyce-Matos.Travel";
				PRODUCT_NAME = "$(TARGET_NAME)";
				SWIFT_VERSION = 3.0;
			};
			name = Debug;
		};
		2567679E1E8B00E800AD8F21 /* Release */ = {
			isa = XCBuildConfiguration;
			baseConfigurationReference = 0A4B61AE874686364092CEDF /* Pods-Travel.release.xcconfig */;
			buildSettings = {
				ASSETCATALOG_COMPILER_APPICON_NAME = AppIcon;
				INFOPLIST_FILE = Travel/Info.plist;
				LD_RUNPATH_SEARCH_PATHS = "$(inherited) @executable_path/Frameworks";
				PRODUCT_BUNDLE_IDENTIFIER = "Joyce-Matos.Travel";
				PRODUCT_NAME = "$(TARGET_NAME)";
				SWIFT_VERSION = 3.0;
			};
			name = Release;
		};
/* End XCBuildConfiguration section */

/* Begin XCConfigurationList section */
		256767851E8B00E800AD8F21 /* Build configuration list for PBXProject "Travel" */ = {
			isa = XCConfigurationList;
			buildConfigurations = (
				2567679A1E8B00E800AD8F21 /* Debug */,
				2567679B1E8B00E800AD8F21 /* Release */,
			);
			defaultConfigurationIsVisible = 0;
			defaultConfigurationName = Release;
		};
		2567679C1E8B00E800AD8F21 /* Build configuration list for PBXNativeTarget "Travel" */ = {
			isa = XCConfigurationList;
			buildConfigurations = (
				2567679D1E8B00E800AD8F21 /* Debug */,
				2567679E1E8B00E800AD8F21 /* Release */,
			);
			defaultConfigurationIsVisible = 0;
			defaultConfigurationName = Release;
		};
/* End XCConfigurationList section */
	};
	rootObject = 256767821E8B00E800AD8F21 /* Project object */;
}
